
Microsoft Visual Studio Solution File, Format Version 12.00
# Visual Studio Version 17
VisualStudioVersion = 17.5.33414.496
MinimumVisualStudioVersion = 10.0.40219.1
Project("{9A19103F-16F7-4668-BE54-9A1E7A4F7556}") = "PostClasses", "PostClasses.csproj", "{CAEAF72D-A467-4575-A9B1-1EB63B338C73}"
EndProject
Global
	GlobalSection(SolutionConfigurationPlatforms) = preSolution
		Debug|Any CPU = Debug|Any CPU
		Release|Any CPU = Release|Any CPU
	EndGlobalSection
	GlobalSection(ProjectConfigurationPlatforms) = postSolution
		{CAEAF72D-A467-4575-A9B1-1EB63B338C73}.Debug|Any CPU.ActiveCfg = Debug|Any CPU
		{CAEAF72D-A467-4575-A9B1-1EB63B338C73}.Debug|Any CPU.Build.0 = Debug|Any CPU
		{CAEAF72D-A467-4575-A9B1-1EB63B338C73}.Release|Any CPU.ActiveCfg = Release|Any CPU
		{CAEAF72D-A467-4575-A9B1-1EB63B338C73}.Release|Any CPU.Build.0 = Release|Any CPU
	EndGlobalSection
	GlobalSection(SolutionProperties) = preSolution
		HideSolutionNode = FALSE
	EndGlobalSection
	GlobalSection(ExtensibilityGlobals) = postSolution
		SolutionGuid = {61DC537C-0CB8-4CE8-8FC8-D8B9F8C6BE67}
	EndGlobalSection
EndGlobal
